
Microsoft Visual Studio Solution File, Format Version 12.00
# Visual Studio 14
VisualStudioVersion = 14.0.25123.0
MinimumVisualStudioVersion = 10.0.40219.1
Project("{F2A71F9B-5D33-465A-A702-920D77279786}") = "Samples.FTodoList", "Samples.FTodoList\Samples.FTodoList.fsproj", "{D24E17E2-F41F-41D8-8DAD-B8A6F18FF635}"
EndProject
Project("{F2A71F9B-5D33-465A-A702-920D77279786}") = "DevFSharp", "DevFSharp\DevFSharp.fsproj", "{A5849750-2D7C-4975-A056-46C6C0C999A1}"
EndProject
Project("{F2A71F9B-5D33-465A-A702-920D77279786}") = "Samples.FTodoList.Tests", "Samples.FTodoList.Tests\Samples.FTodoList.Tests.fsproj", "{886CBC3F-1BA7-40C1-9346-F178C685B152}"
EndProject
Project("{F2A71F9B-5D33-465A-A702-920D77279786}") = "DevFSharp.NUnitTests", "DevFSharp.NUnitTests\DevFSharp.NUnitTests.fsproj", "{C58A6CE2-4C87-4FCF-BE79-7CE66A289B17}"
EndProject
Project("{F2A71F9B-5D33-465A-A702-920D77279786}") = "DevFSharp.TestConsole", "DevFSharp.TestConsole\DevFSharp.TestConsole.fsproj", "{41D7A38C-EABC-4D16-B1E6-BF1D6DD1D8BC}"
EndProject
Project("{F2A71F9B-5D33-465A-A702-920D77279786}") = "DevFSharp.Tests", "DevFSharp.Tests\DevFSharp.Tests.fsproj", "{6D628E73-FF6A-4330-9006-15B3F3B94EB1}"
EndProject
Project("{F2A71F9B-5D33-465A-A702-920D77279786}") = "DevSharp", "DevSharp\DevSharp.fsproj", "{FB58D3BD-B83B-4011-95C3-D95328EA8220}"
EndProject
Project("{F2A71F9B-5D33-465A-A702-920D77279786}") = "DevSharp.Server", "DevSharp.Server\DevSharp.Server.fsproj", "{885966B8-AA91-4F01-95A0-CBFE10856AEA}"
EndProject
Global
	GlobalSection(SolutionConfigurationPlatforms) = preSolution
		Debug|Any CPU = Debug|Any CPU
		Release|Any CPU = Release|Any CPU
	EndGlobalSection
	GlobalSection(ProjectConfigurationPlatforms) = postSolution
		{D24E17E2-F41F-41D8-8DAD-B8A6F18FF635}.Debug|Any CPU.ActiveCfg = Debug|Any CPU
		{D24E17E2-F41F-41D8-8DAD-B8A6F18FF635}.Debug|Any CPU.Build.0 = Debug|Any CPU
		{D24E17E2-F41F-41D8-8DAD-B8A6F18FF635}.Release|Any CPU.ActiveCfg = Release|Any CPU
		{D24E17E2-F41F-41D8-8DAD-B8A6F18FF635}.Release|Any CPU.Build.0 = Release|Any CPU
		{A5849750-2D7C-4975-A056-46C6C0C999A1}.Debug|Any CPU.ActiveCfg = Debug|Any CPU
		{A5849750-2D7C-4975-A056-46C6C0C999A1}.Debug|Any CPU.Build.0 = Debug|Any CPU
		{A5849750-2D7C-4975-A056-46C6C0C999A1}.Release|Any CPU.ActiveCfg = Release|Any CPU
		{A5849750-2D7C-4975-A056-46C6C0C999A1}.Release|Any CPU.Build.0 = Release|Any CPU
		{886CBC3F-1BA7-40C1-9346-F178C685B152}.Debug|Any CPU.ActiveCfg = Debug|Any CPU
		{886CBC3F-1BA7-40C1-9346-F178C685B152}.Debug|Any CPU.Build.0 = Debug|Any CPU
		{886CBC3F-1BA7-40C1-9346-F178C685B152}.Release|Any CPU.ActiveCfg = Release|Any CPU
		{886CBC3F-1BA7-40C1-9346-F178C685B152}.Release|Any CPU.Build.0 = Release|Any CPU
		{C58A6CE2-4C87-4FCF-BE79-7CE66A289B17}.Debug|Any CPU.ActiveCfg = Debug|Any CPU
		{C58A6CE2-4C87-4FCF-BE79-7CE66A289B17}.Debug|Any CPU.Build.0 = Debug|Any CPU
		{C58A6CE2-4C87-4FCF-BE79-7CE66A289B17}.Release|Any CPU.ActiveCfg = Release|Any CPU
		{C58A6CE2-4C87-4FCF-BE79-7CE66A289B17}.Release|Any CPU.Build.0 = Release|Any CPU
		{41D7A38C-EABC-4D16-B1E6-BF1D6DD1D8BC}.Debug|Any CPU.ActiveCfg = Debug|Any CPU
		{41D7A38C-EABC-4D16-B1E6-BF1D6DD1D8BC}.Debug|Any CPU.Build.0 = Debug|Any CPU
		{41D7A38C-EABC-4D16-B1E6-BF1D6DD1D8BC}.Release|Any CPU.ActiveCfg = Release|Any CPU
		{41D7A38C-EABC-4D16-B1E6-BF1D6DD1D8BC}.Release|Any CPU.Build.0 = Release|Any CPU
		{6D628E73-FF6A-4330-9006-15B3F3B94EB1}.Debug|Any CPU.ActiveCfg = Debug|Any CPU
		{6D628E73-FF6A-4330-9006-15B3F3B94EB1}.Debug|Any CPU.Build.0 = Debug|Any CPU
		{6D628E73-FF6A-4330-9006-15B3F3B94EB1}.Release|Any CPU.ActiveCfg = Release|Any CPU
		{6D628E73-FF6A-4330-9006-15B3F3B94EB1}.Release|Any CPU.Build.0 = Release|Any CPU
		{FB58D3BD-B83B-4011-95C3-D95328EA8220}.Debug|Any CPU.ActiveCfg = Debug|Any CPU
		{FB58D3BD-B83B-4011-95C3-D95328EA8220}.Debug|Any CPU.Build.0 = Debug|Any CPU
		{FB58D3BD-B83B-4011-95C3-D95328EA8220}.Release|Any CPU.ActiveCfg = Release|Any CPU
		{FB58D3BD-B83B-4011-95C3-D95328EA8220}.Release|Any CPU.Build.0 = Release|Any CPU
		{885966B8-AA91-4F01-95A0-CBFE10856AEA}.Debug|Any CPU.ActiveCfg = Debug|Any CPU
		{885966B8-AA91-4F01-95A0-CBFE10856AEA}.Debug|Any CPU.Build.0 = Debug|Any CPU
		{885966B8-AA91-4F01-95A0-CBFE10856AEA}.Release|Any CPU.ActiveCfg = Release|Any CPU
		{885966B8-AA91-4F01-95A0-CBFE10856AEA}.Release|Any CPU.Build.0 = Release|Any CPU
	EndGlobalSection
	GlobalSection(SolutionProperties) = preSolution
		HideSolutionNode = FALSE
	EndGlobalSection
EndGlobal
