
Microsoft Visual Studio Solution File, Format Version 12.00
# Visual Studio 14
VisualStudioVersion = 14.0.25420.1
MinimumVisualStudioVersion = 10.0.40219.1
Project("{2150E333-8FDC-42A3-9474-1A3956D46DE8}") = "samples", "samples", "{2B24CB07-6193-49ED-BF06-7CDE6C5F3D34}"
EndProject
Project("{F2A71F9B-5D33-465A-A702-920D77279786}") = "DevSharp", "src\DevSharp\DevSharp.fsproj", "{2A8E4B4A-3505-4901-B4C9-B66C19120878}"
EndProject
Project("{F2A71F9B-5D33-465A-A702-920D77279786}") = "Samples.Domains", "samples\Samples.Domains\Samples.Domains.fsproj", "{B792BFCE-DF38-4F25-860F-C245A4FEF677}"
EndProject
Project("{F2A71F9B-5D33-465A-A702-920D77279786}") = "DevSharp.Testing", "src\DevSharp.Testing\DevSharp.Testing.fsproj", "{BD05CC7F-3E62-4B95-A2C4-7CF65EE3BE71}"
EndProject
Project("{F2A71F9B-5D33-465A-A702-920D77279786}") = "DevSharp.Server", "src\DevSharp.Server\DevSharp.Server.fsproj", "{179BF7F8-62F3-46CA-9819-7D160D138AD1}"
EndProject
Project("{2150E333-8FDC-42A3-9474-1A3956D46DE8}") = "tests", "tests", "{A1CFA17D-A904-4A61-881C-A952EC40ED02}"
EndProject
Project("{2150E333-8FDC-42A3-9474-1A3956D46DE8}") = "src", "src", "{2DCE4578-5579-4469-82E0-CEE1780E64C7}"
EndProject
Project("{F2A71F9B-5D33-465A-A702-920D77279786}") = "DevSharp.AkkaActors", "src\DevSharp.AkkaActors\DevSharp.AkkaActors.fsproj", "{AD81AEB0-C7FE-4B7A-9E44-402B3C43D1E7}"
EndProject
Project("{F2A71F9B-5D33-465A-A702-920D77279786}") = "Samples.Domains.Tests", "samples\Samples.Domains.Tests\Samples.Domains.Tests.fsproj", "{0F176FEA-618B-4765-B8EA-4DF269BA8B34}"
EndProject
Project("{F2A71F9B-5D33-465A-A702-920D77279786}") = "DevSharp.Tests", "tests\DevSharp.Tests\DevSharp.Tests.fsproj", "{F6E4FD98-F52C-4F2B-BA53-A0B4F11E178E}"
EndProject
Project("{F2A71F9B-5D33-465A-A702-920D77279786}") = "DevSharp.Server.Tests", "tests\DevSharp.Server.Tests\DevSharp.Server.Tests.fsproj", "{43246191-17F9-4156-865A-7B5D225B7015}"
EndProject
Project("{F2A71F9B-5D33-465A-A702-920D77279786}") = "TestConsole", "tests\TestConsole\TestConsole.fsproj", "{91321FF1-900F-4A3F-8EB0-12C4EC107EF8}"
EndProject
Global
	GlobalSection(SolutionConfigurationPlatforms) = preSolution
		Debug|Any CPU = Debug|Any CPU
		Release|Any CPU = Release|Any CPU
	EndGlobalSection
	GlobalSection(ProjectConfigurationPlatforms) = postSolution
		{2A8E4B4A-3505-4901-B4C9-B66C19120878}.Debug|Any CPU.ActiveCfg = Debug|Any CPU
		{2A8E4B4A-3505-4901-B4C9-B66C19120878}.Debug|Any CPU.Build.0 = Debug|Any CPU
		{2A8E4B4A-3505-4901-B4C9-B66C19120878}.Release|Any CPU.ActiveCfg = Release|Any CPU
		{2A8E4B4A-3505-4901-B4C9-B66C19120878}.Release|Any CPU.Build.0 = Release|Any CPU
		{B792BFCE-DF38-4F25-860F-C245A4FEF677}.Debug|Any CPU.ActiveCfg = Debug|Any CPU
		{B792BFCE-DF38-4F25-860F-C245A4FEF677}.Debug|Any CPU.Build.0 = Debug|Any CPU
		{B792BFCE-DF38-4F25-860F-C245A4FEF677}.Release|Any CPU.ActiveCfg = Release|Any CPU
		{B792BFCE-DF38-4F25-860F-C245A4FEF677}.Release|Any CPU.Build.0 = Release|Any CPU
		{BD05CC7F-3E62-4B95-A2C4-7CF65EE3BE71}.Debug|Any CPU.ActiveCfg = Debug|Any CPU
		{BD05CC7F-3E62-4B95-A2C4-7CF65EE3BE71}.Debug|Any CPU.Build.0 = Debug|Any CPU
		{BD05CC7F-3E62-4B95-A2C4-7CF65EE3BE71}.Release|Any CPU.ActiveCfg = Release|Any CPU
		{BD05CC7F-3E62-4B95-A2C4-7CF65EE3BE71}.Release|Any CPU.Build.0 = Release|Any CPU
		{179BF7F8-62F3-46CA-9819-7D160D138AD1}.Debug|Any CPU.ActiveCfg = Debug|Any CPU
		{179BF7F8-62F3-46CA-9819-7D160D138AD1}.Debug|Any CPU.Build.0 = Debug|Any CPU
		{179BF7F8-62F3-46CA-9819-7D160D138AD1}.Release|Any CPU.ActiveCfg = Release|Any CPU
		{179BF7F8-62F3-46CA-9819-7D160D138AD1}.Release|Any CPU.Build.0 = Release|Any CPU
		{AD81AEB0-C7FE-4B7A-9E44-402B3C43D1E7}.Debug|Any CPU.ActiveCfg = Debug|Any CPU
		{AD81AEB0-C7FE-4B7A-9E44-402B3C43D1E7}.Debug|Any CPU.Build.0 = Debug|Any CPU
		{AD81AEB0-C7FE-4B7A-9E44-402B3C43D1E7}.Release|Any CPU.ActiveCfg = Release|Any CPU
		{AD81AEB0-C7FE-4B7A-9E44-402B3C43D1E7}.Release|Any CPU.Build.0 = Release|Any CPU
		{0F176FEA-618B-4765-B8EA-4DF269BA8B34}.Debug|Any CPU.ActiveCfg = Debug|Any CPU
		{0F176FEA-618B-4765-B8EA-4DF269BA8B34}.Debug|Any CPU.Build.0 = Debug|Any CPU
		{0F176FEA-618B-4765-B8EA-4DF269BA8B34}.Release|Any CPU.ActiveCfg = Release|Any CPU
		{0F176FEA-618B-4765-B8EA-4DF269BA8B34}.Release|Any CPU.Build.0 = Release|Any CPU
		{F6E4FD98-F52C-4F2B-BA53-A0B4F11E178E}.Debug|Any CPU.ActiveCfg = Debug|Any CPU
		{F6E4FD98-F52C-4F2B-BA53-A0B4F11E178E}.Debug|Any CPU.Build.0 = Debug|Any CPU
		{F6E4FD98-F52C-4F2B-BA53-A0B4F11E178E}.Release|Any CPU.ActiveCfg = Release|Any CPU
		{F6E4FD98-F52C-4F2B-BA53-A0B4F11E178E}.Release|Any CPU.Build.0 = Release|Any CPU
		{43246191-17F9-4156-865A-7B5D225B7015}.Debug|Any CPU.ActiveCfg = Debug|Any CPU
		{43246191-17F9-4156-865A-7B5D225B7015}.Debug|Any CPU.Build.0 = Debug|Any CPU
		{43246191-17F9-4156-865A-7B5D225B7015}.Release|Any CPU.ActiveCfg = Release|Any CPU
		{43246191-17F9-4156-865A-7B5D225B7015}.Release|Any CPU.Build.0 = Release|Any CPU
		{91321FF1-900F-4A3F-8EB0-12C4EC107EF8}.Debug|Any CPU.ActiveCfg = Debug|Any CPU
		{91321FF1-900F-4A3F-8EB0-12C4EC107EF8}.Debug|Any CPU.Build.0 = Debug|Any CPU
		{91321FF1-900F-4A3F-8EB0-12C4EC107EF8}.Release|Any CPU.ActiveCfg = Release|Any CPU
		{91321FF1-900F-4A3F-8EB0-12C4EC107EF8}.Release|Any CPU.Build.0 = Release|Any CPU
	EndGlobalSection
	GlobalSection(SolutionProperties) = preSolution
		HideSolutionNode = FALSE
	EndGlobalSection
	GlobalSection(NestedProjects) = preSolution
		{2A8E4B4A-3505-4901-B4C9-B66C19120878} = {2DCE4578-5579-4469-82E0-CEE1780E64C7}
		{B792BFCE-DF38-4F25-860F-C245A4FEF677} = {2B24CB07-6193-49ED-BF06-7CDE6C5F3D34}
		{BD05CC7F-3E62-4B95-A2C4-7CF65EE3BE71} = {2DCE4578-5579-4469-82E0-CEE1780E64C7}
		{179BF7F8-62F3-46CA-9819-7D160D138AD1} = {2DCE4578-5579-4469-82E0-CEE1780E64C7}
		{AD81AEB0-C7FE-4B7A-9E44-402B3C43D1E7} = {2DCE4578-5579-4469-82E0-CEE1780E64C7}
		{0F176FEA-618B-4765-B8EA-4DF269BA8B34} = {2B24CB07-6193-49ED-BF06-7CDE6C5F3D34}
		{F6E4FD98-F52C-4F2B-BA53-A0B4F11E178E} = {A1CFA17D-A904-4A61-881C-A952EC40ED02}
		{43246191-17F9-4156-865A-7B5D225B7015} = {A1CFA17D-A904-4A61-881C-A952EC40ED02}
		{91321FF1-900F-4A3F-8EB0-12C4EC107EF8} = {A1CFA17D-A904-4A61-881C-A952EC40ED02}
	EndGlobalSection
EndGlobal
