
Microsoft Visual Studio Solution File, Format Version 12.00
# Visual Studio 14
VisualStudioVersion = 14.0.25123.0
MinimumVisualStudioVersion = 10.0.40219.1
Project("{FAE04EC0-301F-11D3-BF4B-00C04F79EFBC}") = "DevSharp", "DevSharp\DevSharp.csproj", "{C15F367C-B028-437E-B695-DEA59223CCBF}"
EndProject
Project("{F2A71F9B-5D33-465A-A702-920D77279786}") = "Samples.FTodoList", "Samples.FTodoList\Samples.FTodoList.fsproj", "{D24E17E2-F41F-41D8-8DAD-B8A6F18FF635}"
EndProject
Project("{FAE04EC0-301F-11D3-BF4B-00C04F79EFBC}") = "DevSharp.AkkaNet", "DevSharp.AkkaNet\DevSharp.AkkaNet.csproj", "{FCA2E05C-27ED-4DF5-9021-87524AF6D9BF}"
EndProject
Project("{FAE04EC0-301F-11D3-BF4B-00C04F79EFBC}") = "Samples.TodoList.WebApi", "Samples.TodoList.WebApi\Samples.TodoList.WebApi.csproj", "{2AD75336-F8DD-4AA7-8553-3A15A9B67E14}"
EndProject
Project("{FAE04EC0-301F-11D3-BF4B-00C04F79EFBC}") = "DevSharp.Specs", "DevSharp.Specs\DevSharp.Specs.csproj", "{D5EA54B6-FF6D-47A7-A986-75FBE1CB8FCC}"
EndProject
Project("{FAE04EC0-301F-11D3-BF4B-00C04F79EFBC}") = "DevSharp.AkkaNet.Specs", "DevSharp.AkkaNet.Specs\DevSharp.AkkaNet.Specs.csproj", "{7D29817D-5DC1-4167-9D55-DA871AB6B9FB}"
EndProject
Project("{F2A71F9B-5D33-465A-A702-920D77279786}") = "DevFSharp", "DevFSharp\DevFSharp.fsproj", "{A5849750-2D7C-4975-A056-46C6C0C999A1}"
EndProject
Project("{F2A71F9B-5D33-465A-A702-920D77279786}") = "Samples.FTodoList.Tests", "Samples.FTodoList.Tests\Samples.FTodoList.Tests.fsproj", "{886CBC3F-1BA7-40C1-9346-F178C685B152}"
EndProject
Project("{F2A71F9B-5D33-465A-A702-920D77279786}") = "DevFSharp.NUnitTests", "DevFSharp.NUnitTests\DevFSharp.NUnitTests.fsproj", "{C58A6CE2-4C87-4FCF-BE79-7CE66A289B17}"
EndProject
Global
	GlobalSection(SolutionConfigurationPlatforms) = preSolution
		Debug|Any CPU = Debug|Any CPU
		Release|Any CPU = Release|Any CPU
	EndGlobalSection
	GlobalSection(ProjectConfigurationPlatforms) = postSolution
		{C15F367C-B028-437E-B695-DEA59223CCBF}.Debug|Any CPU.ActiveCfg = Debug|Any CPU
		{C15F367C-B028-437E-B695-DEA59223CCBF}.Debug|Any CPU.Build.0 = Debug|Any CPU
		{C15F367C-B028-437E-B695-DEA59223CCBF}.Release|Any CPU.ActiveCfg = Release|Any CPU
		{C15F367C-B028-437E-B695-DEA59223CCBF}.Release|Any CPU.Build.0 = Release|Any CPU
		{D24E17E2-F41F-41D8-8DAD-B8A6F18FF635}.Debug|Any CPU.ActiveCfg = Debug|Any CPU
		{D24E17E2-F41F-41D8-8DAD-B8A6F18FF635}.Debug|Any CPU.Build.0 = Debug|Any CPU
		{D24E17E2-F41F-41D8-8DAD-B8A6F18FF635}.Release|Any CPU.ActiveCfg = Release|Any CPU
		{D24E17E2-F41F-41D8-8DAD-B8A6F18FF635}.Release|Any CPU.Build.0 = Release|Any CPU
		{FCA2E05C-27ED-4DF5-9021-87524AF6D9BF}.Debug|Any CPU.ActiveCfg = Debug|Any CPU
		{FCA2E05C-27ED-4DF5-9021-87524AF6D9BF}.Debug|Any CPU.Build.0 = Debug|Any CPU
		{FCA2E05C-27ED-4DF5-9021-87524AF6D9BF}.Release|Any CPU.ActiveCfg = Release|Any CPU
		{FCA2E05C-27ED-4DF5-9021-87524AF6D9BF}.Release|Any CPU.Build.0 = Release|Any CPU
		{2AD75336-F8DD-4AA7-8553-3A15A9B67E14}.Debug|Any CPU.ActiveCfg = Debug|Any CPU
		{2AD75336-F8DD-4AA7-8553-3A15A9B67E14}.Debug|Any CPU.Build.0 = Debug|Any CPU
		{2AD75336-F8DD-4AA7-8553-3A15A9B67E14}.Release|Any CPU.ActiveCfg = Release|Any CPU
		{2AD75336-F8DD-4AA7-8553-3A15A9B67E14}.Release|Any CPU.Build.0 = Release|Any CPU
		{D5EA54B6-FF6D-47A7-A986-75FBE1CB8FCC}.Debug|Any CPU.ActiveCfg = Debug|Any CPU
		{D5EA54B6-FF6D-47A7-A986-75FBE1CB8FCC}.Debug|Any CPU.Build.0 = Debug|Any CPU
		{D5EA54B6-FF6D-47A7-A986-75FBE1CB8FCC}.Release|Any CPU.ActiveCfg = Release|Any CPU
		{D5EA54B6-FF6D-47A7-A986-75FBE1CB8FCC}.Release|Any CPU.Build.0 = Release|Any CPU
		{7D29817D-5DC1-4167-9D55-DA871AB6B9FB}.Debug|Any CPU.ActiveCfg = Debug|Any CPU
		{7D29817D-5DC1-4167-9D55-DA871AB6B9FB}.Debug|Any CPU.Build.0 = Debug|Any CPU
		{7D29817D-5DC1-4167-9D55-DA871AB6B9FB}.Release|Any CPU.ActiveCfg = Release|Any CPU
		{7D29817D-5DC1-4167-9D55-DA871AB6B9FB}.Release|Any CPU.Build.0 = Release|Any CPU
		{A5849750-2D7C-4975-A056-46C6C0C999A1}.Debug|Any CPU.ActiveCfg = Debug|Any CPU
		{A5849750-2D7C-4975-A056-46C6C0C999A1}.Debug|Any CPU.Build.0 = Debug|Any CPU
		{A5849750-2D7C-4975-A056-46C6C0C999A1}.Release|Any CPU.ActiveCfg = Release|Any CPU
		{A5849750-2D7C-4975-A056-46C6C0C999A1}.Release|Any CPU.Build.0 = Release|Any CPU
		{886CBC3F-1BA7-40C1-9346-F178C685B152}.Debug|Any CPU.ActiveCfg = Debug|Any CPU
		{886CBC3F-1BA7-40C1-9346-F178C685B152}.Debug|Any CPU.Build.0 = Debug|Any CPU
		{886CBC3F-1BA7-40C1-9346-F178C685B152}.Release|Any CPU.ActiveCfg = Release|Any CPU
		{886CBC3F-1BA7-40C1-9346-F178C685B152}.Release|Any CPU.Build.0 = Release|Any CPU
		{C58A6CE2-4C87-4FCF-BE79-7CE66A289B17}.Debug|Any CPU.ActiveCfg = Debug|Any CPU
		{C58A6CE2-4C87-4FCF-BE79-7CE66A289B17}.Debug|Any CPU.Build.0 = Debug|Any CPU
		{C58A6CE2-4C87-4FCF-BE79-7CE66A289B17}.Release|Any CPU.ActiveCfg = Release|Any CPU
		{C58A6CE2-4C87-4FCF-BE79-7CE66A289B17}.Release|Any CPU.Build.0 = Release|Any CPU
	EndGlobalSection
	GlobalSection(SolutionProperties) = preSolution
		HideSolutionNode = FALSE
	EndGlobalSection
EndGlobal
